// !$*UTF8*$!
{
	archiveVersion = 1;
	classes = {
	};
	objectVersion = 51;
	objects = {

/* Begin PBXBuildFile section */
		2000CA1526426595001CA014 /* UIViewController+Convenience.swift in Sources */ = {isa = PBXBuildFile; fileRef = 2000CA1426426595001CA014 /* UIViewController+Convenience.swift */; };
		2006D65B26351C9E00BD6818 /* BasicChannelModel.swift in Sources */ = {isa = PBXBuildFile; fileRef = 2006D65A26351C9E00BD6818 /* BasicChannelModel.swift */; };
		20262F842642EA710049E700 /* MainChannelCollectionViewCell.swift in Sources */ = {isa = PBXBuildFile; fileRef = 20262F822642EA710049E700 /* MainChannelCollectionViewCell.swift */; };
		20262F852642EA710049E700 /* MainChannelCollectionViewCell.xib in Resources */ = {isa = PBXBuildFile; fileRef = 20262F832642EA710049E700 /* MainChannelCollectionViewCell.xib */; };
		2038A6CE264E4CE400FA0E93 /* MiniPlayerViewController.swift in Sources */ = {isa = PBXBuildFile; fileRef = 2038A6CC264E4CE400FA0E93 /* MiniPlayerViewController.swift */; };
		203A71CA2642CCC7005FB785 /* MainChannelCollectionViewController.swift in Sources */ = {isa = PBXBuildFile; fileRef = 203A71C92642CCC7005FB785 /* MainChannelCollectionViewController.swift */; };
		203A932226395C4C00ABF38A /* StreamUrlCell.swift in Sources */ = {isa = PBXBuildFile; fileRef = 203A932026395C4C00ABF38A /* StreamUrlCell.swift */; };
		203A932326395C4C00ABF38A /* StreamUrlCell.xib in Resources */ = {isa = PBXBuildFile; fileRef = 203A932126395C4C00ABF38A /* StreamUrlCell.xib */; };
		203A932726396F0700ABF38A /* FavouriteStreamViewController.swift in Sources */ = {isa = PBXBuildFile; fileRef = 203A932626396F0700ABF38A /* FavouriteStreamViewController.swift */; };
		204225E426410B2200E408C7 /* FavoriteStreamDataManager.swift in Sources */ = {isa = PBXBuildFile; fileRef = 204225E326410B2200E408C7 /* FavoriteStreamDataManager.swift */; };
		20423611261C720700CBAA8B /* AppDelegate.swift in Sources */ = {isa = PBXBuildFile; fileRef = 20423610261C720700CBAA8B /* AppDelegate.swift */; };
		20423613261C720700CBAA8B /* SceneDelegate.swift in Sources */ = {isa = PBXBuildFile; fileRef = 20423612261C720700CBAA8B /* SceneDelegate.swift */; };
		20423615261C720700CBAA8B /* ViewController.swift in Sources */ = {isa = PBXBuildFile; fileRef = 20423614261C720700CBAA8B /* ViewController.swift */; };
		20423618261C720700CBAA8B /* Main.storyboard in Resources */ = {isa = PBXBuildFile; fileRef = 20423616261C720700CBAA8B /* Main.storyboard */; };
		2042361A261C720900CBAA8B /* Assets.xcassets in Resources */ = {isa = PBXBuildFile; fileRef = 20423619261C720900CBAA8B /* Assets.xcassets */; };
		2042361D261C720900CBAA8B /* LaunchScreen.storyboard in Resources */ = {isa = PBXBuildFile; fileRef = 2042361B261C720900CBAA8B /* LaunchScreen.storyboard */; };
		20423629261C7ED900CBAA8B /* StreamUrlViewController.swift in Sources */ = {isa = PBXBuildFile; fileRef = 20423628261C7ED900CBAA8B /* StreamUrlViewController.swift */; };
		205A5630262FEE2D00D30EDE /* UserUrlManagerViewController.swift in Sources */ = {isa = PBXBuildFile; fileRef = 205A562F262FEE2D00D30EDE /* UserUrlManagerViewController.swift */; };
		205FC71A26412DC900C72B3E /* FavoriteStreams+CoreDataProperties.swift in Sources */ = {isa = PBXBuildFile; fileRef = 205FC71926412DC900C72B3E /* FavoriteStreams+CoreDataProperties.swift */; };
		205FC71D26412DD600C72B3E /* FavoriteStreams+CoreDataClass.swift in Sources */ = {isa = PBXBuildFile; fileRef = 205FC71C26412DD600C72B3E /* FavoriteStreams+CoreDataClass.swift */; };
		205FC72026414C4100C72B3E /* PlayerViewController.swift in Sources */ = {isa = PBXBuildFile; fileRef = 205FC71F26414C4100C72B3E /* PlayerViewController.swift */; };
		2069E13E2648563F00FB7FF4 /* WebViewController.swift in Sources */ = {isa = PBXBuildFile; fileRef = 2069E13D2648563F00FB7FF4 /* WebViewController.swift */; };
		206AEB6B264562730023FC93 /* RecentSearchManager.swift in Sources */ = {isa = PBXBuildFile; fileRef = 206AEB6A264562730023FC93 /* RecentSearchManager.swift */; };
		206AEB712645636B0023FC93 /* RecentSearch+CoreDataProperties.swift in Sources */ = {isa = PBXBuildFile; fileRef = 206AEB6F2645636B0023FC93 /* RecentSearch+CoreDataProperties.swift */; };
		206AEB722645636B0023FC93 /* RecentSearch+CoreDataClass.swift in Sources */ = {isa = PBXBuildFile; fileRef = 206AEB702645636B0023FC93 /* RecentSearch+CoreDataClass.swift */; };
		206AEB75264566480023FC93 /* RecentSearchViewController.swift in Sources */ = {isa = PBXBuildFile; fileRef = 206AEB74264566480023FC93 /* RecentSearchViewController.swift */; };
		2095318826284D2C00DDA758 /* BasicUrlCell.swift in Sources */ = {isa = PBXBuildFile; fileRef = 2095318626284D2C00DDA758 /* BasicUrlCell.swift */; };
		2095318926284D2C00DDA758 /* BasicUrlCell.xib in Resources */ = {isa = PBXBuildFile; fileRef = 2095318726284D2C00DDA758 /* BasicUrlCell.xib */; };
		2095E9F7263E804C0021DFA8 /* UrlExtractor.xcdatamodeld in Sources */ = {isa = PBXBuildFile; fileRef = 2095E9F5263E804C0021DFA8 /* UrlExtractor.xcdatamodeld */; };
		2095EA34263EA26C0021DFA8 /* RecentStreamTableViewController.swift in Sources */ = {isa = PBXBuildFile; fileRef = 2095EA33263EA26C0021DFA8 /* RecentStreamTableViewController.swift */; };
		2095EA37263ED8430021DFA8 /* StreamDataManager.swift in Sources */ = {isa = PBXBuildFile; fileRef = 2095EA36263ED8430021DFA8 /* StreamDataManager.swift */; };
		20B5805D263BF03500A1F985 /* SafariWebViewController.swift in Sources */ = {isa = PBXBuildFile; fileRef = 20B5805C263BF03500A1F985 /* SafariWebViewController.swift */; };
		20B5806B263C0F1200A1F985 /* NetworkReachabilityManager.swift in Sources */ = {isa = PBXBuildFile; fileRef = 20B5806A263C0F1200A1F985 /* NetworkReachabilityManager.swift */; };
		20B58074263C597900A1F985 /* Reachability.swift in Sources */ = {isa = PBXBuildFile; fileRef = 20B58073263C597900A1F985 /* Reachability.swift */; };
		20E545DE263FBA5500A8A3B1 /* Stream+CoreDataProperties.swift in Sources */ = {isa = PBXBuildFile; fileRef = 20E545DC263FBA5500A8A3B1 /* Stream+CoreDataProperties.swift */; };
		20E545DF263FBA5500A8A3B1 /* Stream+CoreDataClass.swift in Sources */ = {isa = PBXBuildFile; fileRef = 20E545DD263FBA5500A8A3B1 /* Stream+CoreDataClass.swift */; };
		20E630432626E4BC0001CF28 /* MainChannelViewController.swift in Sources */ = {isa = PBXBuildFile; fileRef = 20E630422626E4BC0001CF28 /* MainChannelViewController.swift */; };
		2D6AE956EEAB7C9C02FC602D /* Pods_UrlExtractor.framework in Frameworks */ = {isa = PBXBuildFile; fileRef = 60921955FED9A26EEFD51AC4 /* Pods_UrlExtractor.framework */; };
/* End PBXBuildFile section */

/* Begin PBXFileReference section */
		2000CA1426426595001CA014 /* UIViewController+Convenience.swift */ = {isa = PBXFileReference; lastKnownFileType = sourcecode.swift; path = "UIViewController+Convenience.swift"; sourceTree = "<group>"; };
		2006D65A26351C9E00BD6818 /* BasicChannelModel.swift */ = {isa = PBXFileReference; lastKnownFileType = sourcecode.swift; path = BasicChannelModel.swift; sourceTree = "<group>"; };
		20262F822642EA710049E700 /* MainChannelCollectionViewCell.swift */ = {isa = PBXFileReference; lastKnownFileType = sourcecode.swift; path = MainChannelCollectionViewCell.swift; sourceTree = "<group>"; };
		20262F832642EA710049E700 /* MainChannelCollectionViewCell.xib */ = {isa = PBXFileReference; lastKnownFileType = file.xib; path = MainChannelCollectionViewCell.xib; sourceTree = "<group>"; };
		2038A6CC264E4CE400FA0E93 /* MiniPlayerViewController.swift */ = {isa = PBXFileReference; lastKnownFileType = sourcecode.swift; path = MiniPlayerViewController.swift; sourceTree = "<group>"; };
		203A71C92642CCC7005FB785 /* MainChannelCollectionViewController.swift */ = {isa = PBXFileReference; lastKnownFileType = sourcecode.swift; path = MainChannelCollectionViewController.swift; sourceTree = "<group>"; };
		203A932026395C4C00ABF38A /* StreamUrlCell.swift */ = {isa = PBXFileReference; lastKnownFileType = sourcecode.swift; path = StreamUrlCell.swift; sourceTree = "<group>"; };
		203A932126395C4C00ABF38A /* StreamUrlCell.xib */ = {isa = PBXFileReference; lastKnownFileType = file.xib; path = StreamUrlCell.xib; sourceTree = "<group>"; };
		203A932626396F0700ABF38A /* FavouriteStreamViewController.swift */ = {isa = PBXFileReference; lastKnownFileType = sourcecode.swift; path = FavouriteStreamViewController.swift; sourceTree = "<group>"; };
		204225E326410B2200E408C7 /* FavoriteStreamDataManager.swift */ = {isa = PBXFileReference; lastKnownFileType = sourcecode.swift; path = FavoriteStreamDataManager.swift; sourceTree = "<group>"; };
		2042360D261C720700CBAA8B /* UrlExtractor.app */ = {isa = PBXFileReference; explicitFileType = wrapper.application; includeInIndex = 0; path = UrlExtractor.app; sourceTree = BUILT_PRODUCTS_DIR; };
		20423610261C720700CBAA8B /* AppDelegate.swift */ = {isa = PBXFileReference; lastKnownFileType = sourcecode.swift; path = AppDelegate.swift; sourceTree = "<group>"; };
		20423612261C720700CBAA8B /* SceneDelegate.swift */ = {isa = PBXFileReference; lastKnownFileType = sourcecode.swift; path = SceneDelegate.swift; sourceTree = "<group>"; };
		20423614261C720700CBAA8B /* ViewController.swift */ = {isa = PBXFileReference; lastKnownFileType = sourcecode.swift; path = ViewController.swift; sourceTree = "<group>"; };
		20423617261C720700CBAA8B /* Base */ = {isa = PBXFileReference; lastKnownFileType = file.storyboard; name = Base; path = Base.lproj/Main.storyboard; sourceTree = "<group>"; };
		20423619261C720900CBAA8B /* Assets.xcassets */ = {isa = PBXFileReference; lastKnownFileType = folder.assetcatalog; path = Assets.xcassets; sourceTree = "<group>"; };
		2042361C261C720900CBAA8B /* Base */ = {isa = PBXFileReference; lastKnownFileType = file.storyboard; name = Base; path = Base.lproj/LaunchScreen.storyboard; sourceTree = "<group>"; };
		2042361E261C720900CBAA8B /* Info.plist */ = {isa = PBXFileReference; lastKnownFileType = text.plist.xml; path = Info.plist; sourceTree = "<group>"; };
		20423628261C7ED900CBAA8B /* StreamUrlViewController.swift */ = {isa = PBXFileReference; lastKnownFileType = sourcecode.swift; path = StreamUrlViewController.swift; sourceTree = "<group>"; };
		205A562F262FEE2D00D30EDE /* UserUrlManagerViewController.swift */ = {isa = PBXFileReference; lastKnownFileType = sourcecode.swift; path = UserUrlManagerViewController.swift; sourceTree = "<group>"; };
		205FC71926412DC900C72B3E /* FavoriteStreams+CoreDataProperties.swift */ = {isa = PBXFileReference; lastKnownFileType = sourcecode.swift; name = "FavoriteStreams+CoreDataProperties.swift"; path = "/Users/panchamirao/Desktop/Project Folder/Url Extractor/UrlExtractor/Model/FavoriteStreams+CoreDataProperties.swift"; sourceTree = "<absolute>"; };
		205FC71C26412DD600C72B3E /* FavoriteStreams+CoreDataClass.swift */ = {isa = PBXFileReference; lastKnownFileType = sourcecode.swift; name = "FavoriteStreams+CoreDataClass.swift"; path = "/Users/panchamirao/Desktop/Project Folder/Url Extractor/UrlExtractor/Model/FavoriteStreams+CoreDataClass.swift"; sourceTree = "<absolute>"; };
		205FC71F26414C4100C72B3E /* PlayerViewController.swift */ = {isa = PBXFileReference; lastKnownFileType = sourcecode.swift; path = PlayerViewController.swift; sourceTree = "<group>"; };
		2069E13D2648563F00FB7FF4 /* WebViewController.swift */ = {isa = PBXFileReference; lastKnownFileType = sourcecode.swift; path = WebViewController.swift; sourceTree = "<group>"; };
		206AEB6A264562730023FC93 /* RecentSearchManager.swift */ = {isa = PBXFileReference; lastKnownFileType = sourcecode.swift; path = RecentSearchManager.swift; sourceTree = "<group>"; };
		206AEB6F2645636B0023FC93 /* RecentSearch+CoreDataProperties.swift */ = {isa = PBXFileReference; lastKnownFileType = sourcecode.swift; name = "RecentSearch+CoreDataProperties.swift"; path = "/Users/panchamirao/Desktop/Project Folder/Url Extractor/UrlExtractor/Model/RecentSearch+CoreDataProperties.swift"; sourceTree = "<absolute>"; };
		206AEB702645636B0023FC93 /* RecentSearch+CoreDataClass.swift */ = {isa = PBXFileReference; lastKnownFileType = sourcecode.swift; name = "RecentSearch+CoreDataClass.swift"; path = "/Users/panchamirao/Desktop/Project Folder/Url Extractor/UrlExtractor/Model/RecentSearch+CoreDataClass.swift"; sourceTree = "<absolute>"; };
		206AEB74264566480023FC93 /* RecentSearchViewController.swift */ = {isa = PBXFileReference; lastKnownFileType = sourcecode.swift; path = RecentSearchViewController.swift; sourceTree = "<group>"; };
		2095318626284D2C00DDA758 /* BasicUrlCell.swift */ = {isa = PBXFileReference; lastKnownFileType = sourcecode.swift; path = BasicUrlCell.swift; sourceTree = "<group>"; };
		2095318726284D2C00DDA758 /* BasicUrlCell.xib */ = {isa = PBXFileReference; lastKnownFileType = file.xib; path = BasicUrlCell.xib; sourceTree = "<group>"; };
		2095E9F6263E804C0021DFA8 /* UrlExtractor.xcdatamodel */ = {isa = PBXFileReference; lastKnownFileType = wrapper.xcdatamodel; path = UrlExtractor.xcdatamodel; sourceTree = "<group>"; };
		2095EA33263EA26C0021DFA8 /* RecentStreamTableViewController.swift */ = {isa = PBXFileReference; lastKnownFileType = sourcecode.swift; path = RecentStreamTableViewController.swift; sourceTree = "<group>"; };
		2095EA36263ED8430021DFA8 /* StreamDataManager.swift */ = {isa = PBXFileReference; lastKnownFileType = sourcecode.swift; path = StreamDataManager.swift; sourceTree = "<group>"; };
		20B5805C263BF03500A1F985 /* SafariWebViewController.swift */ = {isa = PBXFileReference; lastKnownFileType = sourcecode.swift; path = SafariWebViewController.swift; sourceTree = "<group>"; };
		20B5806A263C0F1200A1F985 /* NetworkReachabilityManager.swift */ = {isa = PBXFileReference; lastKnownFileType = sourcecode.swift; path = NetworkReachabilityManager.swift; sourceTree = "<group>"; };
		20B58073263C597900A1F985 /* Reachability.swift */ = {isa = PBXFileReference; fileEncoding = 4; lastKnownFileType = sourcecode.swift; path = Reachability.swift; sourceTree = "<group>"; };
		20E545DC263FBA5500A8A3B1 /* Stream+CoreDataProperties.swift */ = {isa = PBXFileReference; lastKnownFileType = sourcecode.swift; name = "Stream+CoreDataProperties.swift"; path = "/Users/panchamirao/Desktop/Project Folder/Url Extractor/UrlExtractor/Model/Stream+CoreDataProperties.swift"; sourceTree = "<absolute>"; };
		20E545DD263FBA5500A8A3B1 /* Stream+CoreDataClass.swift */ = {isa = PBXFileReference; lastKnownFileType = sourcecode.swift; name = "Stream+CoreDataClass.swift"; path = "/Users/panchamirao/Desktop/Project Folder/Url Extractor/UrlExtractor/Model/Stream+CoreDataClass.swift"; sourceTree = "<absolute>"; };
		20E630422626E4BC0001CF28 /* MainChannelViewController.swift */ = {isa = PBXFileReference; lastKnownFileType = sourcecode.swift; path = MainChannelViewController.swift; sourceTree = "<group>"; };
		35AF972D0FCC0DFC4E82780B /* Pods-UrlExtractor.debug.xcconfig */ = {isa = PBXFileReference; includeInIndex = 1; lastKnownFileType = text.xcconfig; name = "Pods-UrlExtractor.debug.xcconfig"; path = "Target Support Files/Pods-UrlExtractor/Pods-UrlExtractor.debug.xcconfig"; sourceTree = "<group>"; };
		60921955FED9A26EEFD51AC4 /* Pods_UrlExtractor.framework */ = {isa = PBXFileReference; explicitFileType = wrapper.framework; includeInIndex = 0; path = Pods_UrlExtractor.framework; sourceTree = BUILT_PRODUCTS_DIR; };
		EC65D2F4C4DADA1593581ED4 /* Pods-UrlExtractor.release.xcconfig */ = {isa = PBXFileReference; includeInIndex = 1; lastKnownFileType = text.xcconfig; name = "Pods-UrlExtractor.release.xcconfig"; path = "Target Support Files/Pods-UrlExtractor/Pods-UrlExtractor.release.xcconfig"; sourceTree = "<group>"; };
/* End PBXFileReference section */

/* Begin PBXFrameworksBuildPhase section */
		2042360A261C720700CBAA8B /* Frameworks */ = {
			isa = PBXFrameworksBuildPhase;
			buildActionMask = 2147483647;
			files = (
				2D6AE956EEAB7C9C02FC602D /* Pods_UrlExtractor.framework in Frameworks */,
			);
			runOnlyForDeploymentPostprocessing = 0;
		};
/* End PBXFrameworksBuildPhase section */

/* Begin PBXGroup section */
		2038D872262EF328009250FA /* Storyboards */ = {
			isa = PBXGroup;
			children = (
				20423616261C720700CBAA8B /* Main.storyboard */,
				2042361B261C720900CBAA8B /* LaunchScreen.storyboard */,
			);
			path = Storyboards;
			sourceTree = "<group>";
		};
		203A932F26399E5000ABF38A /* Model */ = {
			isa = PBXGroup;
			children = (
				2006D65A26351C9E00BD6818 /* BasicChannelModel.swift */,
				20B58073263C597900A1F985 /* Reachability.swift */,
				20E545DD263FBA5500A8A3B1 /* Stream+CoreDataClass.swift */,
				20E545DC263FBA5500A8A3B1 /* Stream+CoreDataProperties.swift */,
				2095EA36263ED8430021DFA8 /* StreamDataManager.swift */,
				205FC71C26412DD600C72B3E /* FavoriteStreams+CoreDataClass.swift */,
				205FC71926412DC900C72B3E /* FavoriteStreams+CoreDataProperties.swift */,
				204225E326410B2200E408C7 /* FavoriteStreamDataManager.swift */,
				2000CA1426426595001CA014 /* UIViewController+Convenience.swift */,
				206AEB702645636B0023FC93 /* RecentSearch+CoreDataClass.swift */,
				206AEB6F2645636B0023FC93 /* RecentSearch+CoreDataProperties.swift */,
				206AEB6A264562730023FC93 /* RecentSearchManager.swift */,
			);
			path = Model;
			sourceTree = "<group>";
		};
		203A933126399E7F00ABF38A /* Controller */ = {
			isa = PBXGroup;
			children = (
				20423612261C720700CBAA8B /* SceneDelegate.swift */,
				20423610261C720700CBAA8B /* AppDelegate.swift */,
				20423614261C720700CBAA8B /* ViewController.swift */,
				205A562F262FEE2D00D30EDE /* UserUrlManagerViewController.swift */,
				20E630422626E4BC0001CF28 /* MainChannelViewController.swift */,
				20B5805C263BF03500A1F985 /* SafariWebViewController.swift */,
				20B5806A263C0F1200A1F985 /* NetworkReachabilityManager.swift */,
				203A932626396F0700ABF38A /* FavouriteStreamViewController.swift */,
				2095EA33263EA26C0021DFA8 /* RecentStreamTableViewController.swift */,
				20423628261C7ED900CBAA8B /* StreamUrlViewController.swift */,
				205FC71F26414C4100C72B3E /* PlayerViewController.swift */,
				203A71C92642CCC7005FB785 /* MainChannelCollectionViewController.swift */,
				206AEB74264566480023FC93 /* RecentSearchViewController.swift */,
				2069E13D2648563F00FB7FF4 /* WebViewController.swift */,
				2038A6CC264E4CE400FA0E93 /* MiniPlayerViewController.swift */,
			);
			path = Controller;
			sourceTree = "<group>";
		};
		203A933326399EA000ABF38A /* View */ = {
			isa = PBXGroup;
			children = (
				2095318626284D2C00DDA758 /* BasicUrlCell.swift */,
				2095318726284D2C00DDA758 /* BasicUrlCell.xib */,
				203A932026395C4C00ABF38A /* StreamUrlCell.swift */,
				203A932126395C4C00ABF38A /* StreamUrlCell.xib */,
				20262F822642EA710049E700 /* MainChannelCollectionViewCell.swift */,
				20262F832642EA710049E700 /* MainChannelCollectionViewCell.xib */,
			);
			path = View;
			sourceTree = "<group>";
		};
		20423604261C720700CBAA8B = {
			isa = PBXGroup;
			children = (
				2042360F261C720700CBAA8B /* UrlExtractor */,
				2042360E261C720700CBAA8B /* Products */,
				DE2A1021A5C40E25F7DA3B0C /* Pods */,
				B22CB828A17E46798417711A /* Frameworks */,
			);
			sourceTree = "<group>";
		};
		2042360E261C720700CBAA8B /* Products */ = {
			isa = PBXGroup;
			children = (
				2042360D261C720700CBAA8B /* UrlExtractor.app */,
			);
			name = Products;
			sourceTree = "<group>";
		};
		2042360F261C720700CBAA8B /* UrlExtractor */ = {
			isa = PBXGroup;
			children = (
				203A932F26399E5000ABF38A /* Model */,
				203A933126399E7F00ABF38A /* Controller */,
				203A933326399EA000ABF38A /* View */,
				2038D872262EF328009250FA /* Storyboards */,
				20423619261C720900CBAA8B /* Assets.xcassets */,
				2042361E261C720900CBAA8B /* Info.plist */,
				2095E9F5263E804C0021DFA8 /* UrlExtractor.xcdatamodeld */,
			);
			path = UrlExtractor;
			sourceTree = "<group>";
		};
		B22CB828A17E46798417711A /* Frameworks */ = {
			isa = PBXGroup;
			children = (
				60921955FED9A26EEFD51AC4 /* Pods_UrlExtractor.framework */,
			);
			name = Frameworks;
			sourceTree = "<group>";
		};
		DE2A1021A5C40E25F7DA3B0C /* Pods */ = {
			isa = PBXGroup;
			children = (
				35AF972D0FCC0DFC4E82780B /* Pods-UrlExtractor.debug.xcconfig */,
				EC65D2F4C4DADA1593581ED4 /* Pods-UrlExtractor.release.xcconfig */,
			);
			path = Pods;
			sourceTree = "<group>";
		};
/* End PBXGroup section */

/* Begin PBXNativeTarget section */
		2042360C261C720700CBAA8B /* UrlExtractor */ = {
			isa = PBXNativeTarget;
			buildConfigurationList = 20423621261C720900CBAA8B /* Build configuration list for PBXNativeTarget "UrlExtractor" */;
			buildPhases = (
				AAA469AA9ED11E7AC592EED3 /* [CP] Check Pods Manifest.lock */,
				20423609261C720700CBAA8B /* Sources */,
				2042360A261C720700CBAA8B /* Frameworks */,
				2042360B261C720700CBAA8B /* Resources */,
				5B4F30B15E034EB95C395401 /* [CP] Embed Pods Frameworks */,
			);
			buildRules = (
			);
			dependencies = (
			);
			name = UrlExtractor;
			productName = UrlExtractor;
			productReference = 2042360D261C720700CBAA8B /* UrlExtractor.app */;
			productType = "com.apple.product-type.application";
		};
/* End PBXNativeTarget section */

/* Begin PBXProject section */
		20423605261C720700CBAA8B /* Project object */ = {
			isa = PBXProject;
			attributes = {
				LastSwiftUpdateCheck = 1240;
				LastUpgradeCheck = 1240;
				TargetAttributes = {
					2042360C261C720700CBAA8B = {
						CreatedOnToolsVersion = 12.4;
					};
				};
			};
			buildConfigurationList = 20423608261C720700CBAA8B /* Build configuration list for PBXProject "UrlExtractor" */;
			compatibilityVersion = "Xcode 9.3";
			developmentRegion = en;
			hasScannedForEncodings = 0;
			knownRegions = (
				en,
				Base,
			);
			mainGroup = 20423604261C720700CBAA8B;
			productRefGroup = 2042360E261C720700CBAA8B /* Products */;
			projectDirPath = "";
			projectRoot = "";
			targets = (
				2042360C261C720700CBAA8B /* UrlExtractor */,
			);
		};
/* End PBXProject section */

/* Begin PBXResourcesBuildPhase section */
		2042360B261C720700CBAA8B /* Resources */ = {
			isa = PBXResourcesBuildPhase;
			buildActionMask = 2147483647;
			files = (
				203A932326395C4C00ABF38A /* StreamUrlCell.xib in Resources */,
				20262F852642EA710049E700 /* MainChannelCollectionViewCell.xib in Resources */,
				2095318926284D2C00DDA758 /* BasicUrlCell.xib in Resources */,
				2042361D261C720900CBAA8B /* LaunchScreen.storyboard in Resources */,
				2042361A261C720900CBAA8B /* Assets.xcassets in Resources */,
				20423618261C720700CBAA8B /* Main.storyboard in Resources */,
			);
			runOnlyForDeploymentPostprocessing = 0;
		};
/* End PBXResourcesBuildPhase section */

/* Begin PBXShellScriptBuildPhase section */
		5B4F30B15E034EB95C395401 /* [CP] Embed Pods Frameworks */ = {
			isa = PBXShellScriptBuildPhase;
			buildActionMask = 2147483647;
			files = (
			);
			inputFileListPaths = (
				"${PODS_ROOT}/Target Support Files/Pods-UrlExtractor/Pods-UrlExtractor-frameworks-${CONFIGURATION}-input-files.xcfilelist",
			);
			name = "[CP] Embed Pods Frameworks";
			outputFileListPaths = (
				"${PODS_ROOT}/Target Support Files/Pods-UrlExtractor/Pods-UrlExtractor-frameworks-${CONFIGURATION}-output-files.xcfilelist",
			);
			runOnlyForDeploymentPostprocessing = 0;
			shellPath = /bin/sh;
			shellScript = "\"${PODS_ROOT}/Target Support Files/Pods-UrlExtractor/Pods-UrlExtractor-frameworks.sh\"\n";
			showEnvVarsInLog = 0;
		};
		AAA469AA9ED11E7AC592EED3 /* [CP] Check Pods Manifest.lock */ = {
			isa = PBXShellScriptBuildPhase;
			buildActionMask = 2147483647;
			files = (
			);
			inputFileListPaths = (
			);
			inputPaths = (
				"${PODS_PODFILE_DIR_PATH}/Podfile.lock",
				"${PODS_ROOT}/Manifest.lock",
			);
			name = "[CP] Check Pods Manifest.lock";
			outputFileListPaths = (
			);
			outputPaths = (
				"$(DERIVED_FILE_DIR)/Pods-UrlExtractor-checkManifestLockResult.txt",
			);
			runOnlyForDeploymentPostprocessing = 0;
			shellPath = /bin/sh;
			shellScript = "diff \"${PODS_PODFILE_DIR_PATH}/Podfile.lock\" \"${PODS_ROOT}/Manifest.lock\" > /dev/null\nif [ $? != 0 ] ; then\n    # print error to STDERR\n    echo \"error: The sandbox is not in sync with the Podfile.lock. Run 'pod install' or update your CocoaPods installation.\" >&2\n    exit 1\nfi\n# This output is used by Xcode 'outputs' to avoid re-running this script phase.\necho \"SUCCESS\" > \"${SCRIPT_OUTPUT_FILE_0}\"\n";
			showEnvVarsInLog = 0;
		};
/* End PBXShellScriptBuildPhase section */

/* Begin PBXSourcesBuildPhase section */
		20423609261C720700CBAA8B /* Sources */ = {
			isa = PBXSourcesBuildPhase;
			buildActionMask = 2147483647;
			files = (
				206AEB722645636B0023FC93 /* RecentSearch+CoreDataClass.swift in Sources */,
				20E545DF263FBA5500A8A3B1 /* Stream+CoreDataClass.swift in Sources */,
				20262F842642EA710049E700 /* MainChannelCollectionViewCell.swift in Sources */,
				20B58074263C597900A1F985 /* Reachability.swift in Sources */,
				2000CA1526426595001CA014 /* UIViewController+Convenience.swift in Sources */,
				203A932726396F0700ABF38A /* FavouriteStreamViewController.swift in Sources */,
				205FC72026414C4100C72B3E /* PlayerViewController.swift in Sources */,
				2095EA37263ED8430021DFA8 /* StreamDataManager.swift in Sources */,
				206AEB712645636B0023FC93 /* RecentSearch+CoreDataProperties.swift in Sources */,
				20E545DE263FBA5500A8A3B1 /* Stream+CoreDataProperties.swift in Sources */,
				2006D65B26351C9E00BD6818 /* BasicChannelModel.swift in Sources */,
				205FC71A26412DC900C72B3E /* FavoriteStreams+CoreDataProperties.swift in Sources */,
				20E630432626E4BC0001CF28 /* MainChannelViewController.swift in Sources */,
				2095E9F7263E804C0021DFA8 /* UrlExtractor.xcdatamodeld in Sources */,
				206AEB6B264562730023FC93 /* RecentSearchManager.swift in Sources */,
				2095318826284D2C00DDA758 /* BasicUrlCell.swift in Sources */,
				2038A6CE264E4CE400FA0E93 /* MiniPlayerViewController.swift in Sources */,
				20B5806B263C0F1200A1F985 /* NetworkReachabilityManager.swift in Sources */,
				205A5630262FEE2D00D30EDE /* UserUrlManagerViewController.swift in Sources */,
				204225E426410B2200E408C7 /* FavoriteStreamDataManager.swift in Sources */,
				20423615261C720700CBAA8B /* ViewController.swift in Sources */,
				20B5805D263BF03500A1F985 /* SafariWebViewController.swift in Sources */,
				20423611261C720700CBAA8B /* AppDelegate.swift in Sources */,
				205FC71D26412DD600C72B3E /* FavoriteStreams+CoreDataClass.swift in Sources */,
				203A71CA2642CCC7005FB785 /* MainChannelCollectionViewController.swift in Sources */,
				206AEB75264566480023FC93 /* RecentSearchViewController.swift in Sources */,
				2095EA34263EA26C0021DFA8 /* RecentStreamTableViewController.swift in Sources */,
				203A932226395C4C00ABF38A /* StreamUrlCell.swift in Sources */,
				2069E13E2648563F00FB7FF4 /* WebViewController.swift in Sources */,
				20423613261C720700CBAA8B /* SceneDelegate.swift in Sources */,
				20423629261C7ED900CBAA8B /* StreamUrlViewController.swift in Sources */,
			);
			runOnlyForDeploymentPostprocessing = 0;
		};
/* End PBXSourcesBuildPhase section */

/* Begin PBXVariantGroup section */
		20423616261C720700CBAA8B /* Main.storyboard */ = {
			isa = PBXVariantGroup;
			children = (
				20423617261C720700CBAA8B /* Base */,
			);
			name = Main.storyboard;
			sourceTree = "<group>";
		};
		2042361B261C720900CBAA8B /* LaunchScreen.storyboard */ = {
			isa = PBXVariantGroup;
			children = (
				2042361C261C720900CBAA8B /* Base */,
			);
			name = LaunchScreen.storyboard;
			sourceTree = "<group>";
		};
/* End PBXVariantGroup section */

/* Begin XCBuildConfiguration section */
		2042361F261C720900CBAA8B /* Debug */ = {
			isa = XCBuildConfiguration;
			buildSettings = {
				ALWAYS_SEARCH_USER_PATHS = NO;
				CLANG_ANALYZER_NONNULL = YES;
				CLANG_ANALYZER_NUMBER_OBJECT_CONVERSION = YES_AGGRESSIVE;
				CLANG_CXX_LANGUAGE_STANDARD = "gnu++14";
				CLANG_CXX_LIBRARY = "libc++";
				CLANG_ENABLE_MODULES = YES;
				CLANG_ENABLE_OBJC_ARC = YES;
				CLANG_ENABLE_OBJC_WEAK = YES;
				CLANG_WARN_BLOCK_CAPTURE_AUTORELEASING = YES;
				CLANG_WARN_BOOL_CONVERSION = YES;
				CLANG_WARN_COMMA = YES;
				CLANG_WARN_CONSTANT_CONVERSION = YES;
				CLANG_WARN_DEPRECATED_OBJC_IMPLEMENTATIONS = YES;
				CLANG_WARN_DIRECT_OBJC_ISA_USAGE = YES_ERROR;
				CLANG_WARN_DOCUMENTATION_COMMENTS = YES;
				CLANG_WARN_EMPTY_BODY = YES;
				CLANG_WARN_ENUM_CONVERSION = YES;
				CLANG_WARN_INFINITE_RECURSION = YES;
				CLANG_WARN_INT_CONVERSION = YES;
				CLANG_WARN_NON_LITERAL_NULL_CONVERSION = YES;
				CLANG_WARN_OBJC_IMPLICIT_RETAIN_SELF = YES;
				CLANG_WARN_OBJC_LITERAL_CONVERSION = YES;
				CLANG_WARN_OBJC_ROOT_CLASS = YES_ERROR;
				CLANG_WARN_QUOTED_INCLUDE_IN_FRAMEWORK_HEADER = YES;
				CLANG_WARN_RANGE_LOOP_ANALYSIS = YES;
				CLANG_WARN_STRICT_PROTOTYPES = YES;
				CLANG_WARN_SUSPICIOUS_MOVE = YES;
				CLANG_WARN_UNGUARDED_AVAILABILITY = YES_AGGRESSIVE;
				CLANG_WARN_UNREACHABLE_CODE = YES;
				CLANG_WARN__DUPLICATE_METHOD_MATCH = YES;
				COPY_PHASE_STRIP = NO;
				DEBUG_INFORMATION_FORMAT = dwarf;
				ENABLE_STRICT_OBJC_MSGSEND = YES;
				ENABLE_TESTABILITY = YES;
				GCC_C_LANGUAGE_STANDARD = gnu11;
				GCC_DYNAMIC_NO_PIC = NO;
				GCC_NO_COMMON_BLOCKS = YES;
				GCC_OPTIMIZATION_LEVEL = 0;
				GCC_PREPROCESSOR_DEFINITIONS = (
					"DEBUG=1",
					"$(inherited)",
				);
				GCC_WARN_64_TO_32_BIT_CONVERSION = YES;
				GCC_WARN_ABOUT_RETURN_TYPE = YES_ERROR;
				GCC_WARN_UNDECLARED_SELECTOR = YES;
				GCC_WARN_UNINITIALIZED_AUTOS = YES_AGGRESSIVE;
				GCC_WARN_UNUSED_FUNCTION = YES;
				GCC_WARN_UNUSED_VARIABLE = YES;
				IPHONEOS_DEPLOYMENT_TARGET = 14.4;
				MTL_ENABLE_DEBUG_INFO = INCLUDE_SOURCE;
				MTL_FAST_MATH = YES;
				ONLY_ACTIVE_ARCH = YES;
				SDKROOT = iphoneos;
				SWIFT_ACTIVE_COMPILATION_CONDITIONS = DEBUG;
				SWIFT_OPTIMIZATION_LEVEL = "-Onone";
			};
			name = Debug;
		};
		20423620261C720900CBAA8B /* Release */ = {
			isa = XCBuildConfiguration;
			buildSettings = {
				ALWAYS_SEARCH_USER_PATHS = NO;
				CLANG_ANALYZER_NONNULL = YES;
				CLANG_ANALYZER_NUMBER_OBJECT_CONVERSION = YES_AGGRESSIVE;
				CLANG_CXX_LANGUAGE_STANDARD = "gnu++14";
				CLANG_CXX_LIBRARY = "libc++";
				CLANG_ENABLE_MODULES = YES;
				CLANG_ENABLE_OBJC_ARC = YES;
				CLANG_ENABLE_OBJC_WEAK = YES;
				CLANG_WARN_BLOCK_CAPTURE_AUTORELEASING = YES;
				CLANG_WARN_BOOL_CONVERSION = YES;
				CLANG_WARN_COMMA = YES;
				CLANG_WARN_CONSTANT_CONVERSION = YES;
				CLANG_WARN_DEPRECATED_OBJC_IMPLEMENTATIONS = YES;
				CLANG_WARN_DIRECT_OBJC_ISA_USAGE = YES_ERROR;
				CLANG_WARN_DOCUMENTATION_COMMENTS = YES;
				CLANG_WARN_EMPTY_BODY = YES;
				CLANG_WARN_ENUM_CONVERSION = YES;
				CLANG_WARN_INFINITE_RECURSION = YES;
				CLANG_WARN_INT_CONVERSION = YES;
				CLANG_WARN_NON_LITERAL_NULL_CONVERSION = YES;
				CLANG_WARN_OBJC_IMPLICIT_RETAIN_SELF = YES;
				CLANG_WARN_OBJC_LITERAL_CONVERSION = YES;
				CLANG_WARN_OBJC_ROOT_CLASS = YES_ERROR;
				CLANG_WARN_QUOTED_INCLUDE_IN_FRAMEWORK_HEADER = YES;
				CLANG_WARN_RANGE_LOOP_ANALYSIS = YES;
				CLANG_WARN_STRICT_PROTOTYPES = YES;
				CLANG_WARN_SUSPICIOUS_MOVE = YES;
				CLANG_WARN_UNGUARDED_AVAILABILITY = YES_AGGRESSIVE;
				CLANG_WARN_UNREACHABLE_CODE = YES;
				CLANG_WARN__DUPLICATE_METHOD_MATCH = YES;
				COPY_PHASE_STRIP = NO;
				DEBUG_INFORMATION_FORMAT = "dwarf-with-dsym";
				ENABLE_NS_ASSERTIONS = NO;
				ENABLE_STRICT_OBJC_MSGSEND = YES;
				GCC_C_LANGUAGE_STANDARD = gnu11;
				GCC_NO_COMMON_BLOCKS = YES;
				GCC_WARN_64_TO_32_BIT_CONVERSION = YES;
				GCC_WARN_ABOUT_RETURN_TYPE = YES_ERROR;
				GCC_WARN_UNDECLARED_SELECTOR = YES;
				GCC_WARN_UNINITIALIZED_AUTOS = YES_AGGRESSIVE;
				GCC_WARN_UNUSED_FUNCTION = YES;
				GCC_WARN_UNUSED_VARIABLE = YES;
				IPHONEOS_DEPLOYMENT_TARGET = 14.4;
				MTL_ENABLE_DEBUG_INFO = NO;
				MTL_FAST_MATH = YES;
				SDKROOT = iphoneos;
				SWIFT_COMPILATION_MODE = wholemodule;
				SWIFT_OPTIMIZATION_LEVEL = "-O";
				VALIDATE_PRODUCT = YES;
			};
			name = Release;
		};
		20423622261C720900CBAA8B /* Debug */ = {
			isa = XCBuildConfiguration;
			baseConfigurationReference = 35AF972D0FCC0DFC4E82780B /* Pods-UrlExtractor.debug.xcconfig */;
			buildSettings = {
				ASSETCATALOG_COMPILER_APPICON_NAME = AppIcon;
				ASSETCATALOG_COMPILER_GLOBAL_ACCENT_COLOR_NAME = AccentColor;
				CODE_SIGN_STYLE = Automatic;
				DEVELOPMENT_TEAM = 49M2K9GQS4;
				INFOPLIST_FILE = UrlExtractor/Info.plist;
				IPHONEOS_DEPLOYMENT_TARGET = 13.0;
				LD_RUNPATH_SEARCH_PATHS = (
					"$(inherited)",
					"@executable_path/Frameworks",
				);
				PRODUCT_BUNDLE_IDENTIFIER = Panchami.Rao.A.UrlExtractor;
				PRODUCT_NAME = "$(TARGET_NAME)";
				SWIFT_VERSION = 5.0;
				TARGETED_DEVICE_FAMILY = "1,2";
			};
			name = Debug;
		};
		20423623261C720900CBAA8B /* Release */ = {
			isa = XCBuildConfiguration;
			baseConfigurationReference = EC65D2F4C4DADA1593581ED4 /* Pods-UrlExtractor.release.xcconfig */;
			buildSettings = {
				ASSETCATALOG_COMPILER_APPICON_NAME = AppIcon;
				ASSETCATALOG_COMPILER_GLOBAL_ACCENT_COLOR_NAME = AccentColor;
				CODE_SIGN_STYLE = Automatic;
				DEVELOPMENT_TEAM = 49M2K9GQS4;
				INFOPLIST_FILE = UrlExtractor/Info.plist;
				IPHONEOS_DEPLOYMENT_TARGET = 13.0;
				LD_RUNPATH_SEARCH_PATHS = (
					"$(inherited)",
					"@executable_path/Frameworks",
				);
				PRODUCT_BUNDLE_IDENTIFIER = Panchami.Rao.A.UrlExtractor;
				PRODUCT_NAME = "$(TARGET_NAME)";
				SWIFT_VERSION = 5.0;
				TARGETED_DEVICE_FAMILY = "1,2";
			};
			name = Release;
		};
/* End XCBuildConfiguration section */

/* Begin XCConfigurationList section */
		20423608261C720700CBAA8B /* Build configuration list for PBXProject "UrlExtractor" */ = {
			isa = XCConfigurationList;
			buildConfigurations = (
				2042361F261C720900CBAA8B /* Debug */,
				20423620261C720900CBAA8B /* Release */,
			);
			defaultConfigurationIsVisible = 0;
			defaultConfigurationName = Release;
		};
		20423621261C720900CBAA8B /* Build configuration list for PBXNativeTarget "UrlExtractor" */ = {
			isa = XCConfigurationList;
			buildConfigurations = (
				20423622261C720900CBAA8B /* Debug */,
				20423623261C720900CBAA8B /* Release */,
			);
			defaultConfigurationIsVisible = 0;
			defaultConfigurationName = Release;
		};
/* End XCConfigurationList section */

/* Begin XCVersionGroup section */
		2095E9F5263E804C0021DFA8 /* UrlExtractor.xcdatamodeld */ = {
			isa = XCVersionGroup;
			children = (
				2095E9F6263E804C0021DFA8 /* UrlExtractor.xcdatamodel */,
			);
			currentVersion = 2095E9F6263E804C0021DFA8 /* UrlExtractor.xcdatamodel */;
			path = UrlExtractor.xcdatamodeld;
			sourceTree = "<group>";
			versionGroupType = wrapper.xcdatamodel;
		};
/* End XCVersionGroup section */
	};
	rootObject = 20423605261C720700CBAA8B /* Project object */;
}
